// !$*UTF8*$!
{
	archiveVersion = 1;
	classes = {
	};
	objectVersion = 77;
	objects = {

/* Begin PBXBuildFile section */
		162A9E762F84813800AE8BF6 /* ReplayKit.framework in Frameworks */ = {isa = PBXBuildFile; fileRef = 162A9E752F84813700AE8BF6 /* ReplayKit.framework */; };
		162A9E7D2F84813800AE8BF6 /* SolverBroadcast.appex in Embed Foundation Extensions */ = {isa = PBXBuildFile; fileRef = 162A9E732F84813700AE8BF6 /* SolverBroadcast.appex */; settings = {ATTRIBUTES = (RemoveHeadersOnCopy, ); }; };
		164B4B5B2F8490A50093DB3B /* WidgetKit.framework in Frameworks */ = {isa = PBXBuildFile; fileRef = 164B4B5A2F8490A50093DB3B /* WidgetKit.framework */; };
		164B4B5D2F8490A50093DB3B /* SwiftUI.framework in Frameworks */ = {isa = PBXBuildFile; fileRef = 164B4B5C2F8490A50093DB3B /* SwiftUI.framework */; };
		164B4B6C2F8490A70093DB3B /* SolverWidgetExtension.appex in Embed Foundation Extensions */ = {isa = PBXBuildFile; fileRef = 164B4B592F8490A50093DB3B /* SolverWidgetExtension.appex */; settings = {ATTRIBUTES = (RemoveHeadersOnCopy, ); }; };
/* End PBXBuildFile section */

/* Begin PBXContainerItemProxy section */
		162A9E7B2F84813800AE8BF6 /* PBXContainerItemProxy */ = {
			isa = PBXContainerItemProxy;
			containerPortal = 162A9E4B2F847D0100AE8BF6 /* Project object */;
			proxyType = 1;
			remoteGlobalIDString = 162A9E722F84813700AE8BF6;
			remoteInfo = SolverBroadcast;
		};
		164B4B6A2F8490A70093DB3B /* PBXContainerItemProxy */ = {
			isa = PBXContainerItemProxy;
			containerPortal = 162A9E4B2F847D0100AE8BF6 /* Project object */;
			proxyType = 1;
			remoteGlobalIDString = 164B4B582F8490A50093DB3B;
			remoteInfo = SolverWidgetExtension;
		};
/* End PBXContainerItemProxy section */

/* Begin PBXCopyFilesBuildPhase section */
		162A9E822F84813800AE8BF6 /* Embed Foundation Extensions */ = {
			isa = PBXCopyFilesBuildPhase;
			buildActionMask = 2147483647;
			dstPath = "";
			dstSubfolderSpec = 13;
			files = (
				162A9E7D2F84813800AE8BF6 /* SolverBroadcast.appex in Embed Foundation Extensions */,
				164B4B6C2F8490A70093DB3B /* SolverWidgetExtension.appex in Embed Foundation Extensions */,
			);
			name = "Embed Foundation Extensions";
			runOnlyForDeploymentPostprocessing = 0;
		};
/* End PBXCopyFilesBuildPhase section */

/* Begin PBXFileReference section */
		162A9E532F847D0100AE8BF6 /* Solver2048.app */ = {isa = PBXFileReference; explicitFileType = wrapper.application; includeInIndex = 0; path = Solver2048.app; sourceTree = BUILT_PRODUCTS_DIR; };
		162A9E732F84813700AE8BF6 /* SolverBroadcast.appex */ = {isa = PBXFileReference; explicitFileType = "wrapper.app-extension"; includeInIndex = 0; path = SolverBroadcast.appex; sourceTree = BUILT_PRODUCTS_DIR; };
		162A9E752F84813700AE8BF6 /* ReplayKit.framework */ = {isa = PBXFileReference; lastKnownFileType = wrapper.framework; name = ReplayKit.framework; path = System/Library/Frameworks/ReplayKit.framework; sourceTree = SDKROOT; };
		164B4B592F8490A50093DB3B /* SolverWidgetExtension.appex */ = {isa = PBXFileReference; explicitFileType = "wrapper.app-extension"; includeInIndex = 0; path = SolverWidgetExtension.appex; sourceTree = BUILT_PRODUCTS_DIR; };
		164B4B5A2F8490A50093DB3B /* WidgetKit.framework */ = {isa = PBXFileReference; lastKnownFileType = wrapper.framework; name = WidgetKit.framework; path = System/Library/Frameworks/WidgetKit.framework; sourceTree = SDKROOT; };
		164B4B5C2F8490A50093DB3B /* SwiftUI.framework */ = {isa = PBXFileReference; lastKnownFileType = wrapper.framework; name = SwiftUI.framework; path = System/Library/Frameworks/SwiftUI.framework; sourceTree = SDKROOT; };
/* End PBXFileReference section */

/* Begin PBXFileSystemSynchronizedBuildFileExceptionSet section */
		162A9E7E2F84813800AE8BF6 /* Exceptions for "SolverBroadcast" folder in "SolverBroadcast" target */ = {
			isa = PBXFileSystemSynchronizedBuildFileExceptionSet;
			membershipExceptions = (
				Info.plist,
			);
			target = 162A9E722F84813700AE8BF6 /* SolverBroadcast */;
		};
		162A9E862F84821A00AE8BF6 /* Exceptions for "Solver2048" folder in "Solver2048" target */ = {
			isa = PBXFileSystemSynchronizedBuildFileExceptionSet;
			membershipExceptions = (
				Info.plist,
			);
			target = 162A9E522F847D0100AE8BF6 /* Solver2048 */;
		};
		162A9E8A2F84823900AE8BF6 /* Exceptions for "Solver2048" folder in "SolverBroadcast" target */ = {
			isa = PBXFileSystemSynchronizedBuildFileExceptionSet;
			membershipExceptions = (
				Assets.xcassets,
				BoardAnalyzer.swift,
				SharedState.swift,
				Solver.swift,
			);
			target = 162A9E722F84813700AE8BF6 /* SolverBroadcast */;
		};
		164B4B702F8490A70093DB3B /* Exceptions for "SolverWidget" folder in "SolverWidgetExtension" target */ = {
			isa = PBXFileSystemSynchronizedBuildFileExceptionSet;
			membershipExceptions = (
				Info.plist,
			);
			target = 164B4B582F8490A50093DB3B /* SolverWidgetExtension */;
		};
		164B4B782F84914C0093DB3B /* Exceptions for "Solver2048" folder in "SolverWidgetExtension" target */ = {
			isa = PBXFileSystemSynchronizedBuildFileExceptionSet;
			membershipExceptions = (
				SolverActivityAttributes.swift,
			);
			target = 164B4B582F8490A50093DB3B /* SolverWidgetExtension */;
		};
/* End PBXFileSystemSynchronizedBuildFileExceptionSet section */

/* Begin PBXFileSystemSynchronizedRootGroup section */
		162A9E552F847D0100AE8BF6 /* Solver2048 */ = {
			isa = PBXFileSystemSynchronizedRootGroup;
			exceptions = (
				162A9E862F84821A00AE8BF6 /* Exceptions for "Solver2048" folder in "Solver2048" target */,
				162A9E8A2F84823900AE8BF6 /* Exceptions for "Solver2048" folder in "SolverBroadcast" target */,
				164B4B782F84914C0093DB3B /* Exceptions for "Solver2048" folder in "SolverWidgetExtension" target */,
			);
			path = Solver2048;
			sourceTree = "<group>";
		};
		162A9E772F84813800AE8BF6 /* SolverBroadcast */ = {
			isa = PBXFileSystemSynchronizedRootGroup;
			exceptions = (
				162A9E7E2F84813800AE8BF6 /* Exceptions for "SolverBroadcast" folder in "SolverBroadcast" target */,
			);
			path = SolverBroadcast;
			sourceTree = "<group>";
		};
		164B4B5E2F8490A50093DB3B /* SolverWidget */ = {
			isa = PBXFileSystemSynchronizedRootGroup;
			exceptions = (
				164B4B702F8490A70093DB3B /* Exceptions for "SolverWidget" folder in "SolverWidgetExtension" target */,
			);
			path = SolverWidget;
			sourceTree = "<group>";
		};
/* End PBXFileSystemSynchronizedRootGroup section */

/* Begin PBXFrameworksBuildPhase section */
		162A9E502F847D0100AE8BF6 /* Frameworks */ = {
			isa = PBXFrameworksBuildPhase;
			buildActionMask = 2147483647;
			files = (
			);
			runOnlyForDeploymentPostprocessing = 0;
		};
		162A9E702F84813700AE8BF6 /* Frameworks */ = {
			isa = PBXFrameworksBuildPhase;
			buildActionMask = 2147483647;
			files = (
				162A9E762F84813800AE8BF6 /* ReplayKit.framework in Frameworks */,
			);
			runOnlyForDeploymentPostprocessing = 0;
		};
		164B4B562F8490A50093DB3B /* Frameworks */ = {
			isa = PBXFrameworksBuildPhase;
			buildActionMask = 2147483647;
			files = (
				164B4B5D2F8490A50093DB3B /* SwiftUI.framework in Frameworks */,
				164B4B5B2F8490A50093DB3B /* WidgetKit.framework in Frameworks */,
			);
			runOnlyForDeploymentPostprocessing = 0;
		};
/* End PBXFrameworksBuildPhase section */

/* Begin PBXGroup section */
		162A9E4A2F847D0100AE8BF6 = {
			isa = PBXGroup;
			children = (
				162A9E552F847D0100AE8BF6 /* Solver2048 */,
				162A9E772F84813800AE8BF6 /* SolverBroadcast */,
				164B4B5E2F8490A50093DB3B /* SolverWidget */,
				162A9E742F84813700AE8BF6 /* Frameworks */,
				162A9E542F847D0100AE8BF6 /* Products */,
			);
			sourceTree = "<group>";
		};
		162A9E542F847D0100AE8BF6 /* Products */ = {
			isa = PBXGroup;
			children = (
				162A9E532F847D0100AE8BF6 /* Solver2048.app */,
				162A9E732F84813700AE8BF6 /* SolverBroadcast.appex */,
				164B4B592F8490A50093DB3B /* SolverWidgetExtension.appex */,
			);
			name = Products;
			sourceTree = "<group>";
		};
		162A9E742F84813700AE8BF6 /* Frameworks */ = {
			isa = PBXGroup;
			children = (
				162A9E752F84813700AE8BF6 /* ReplayKit.framework */,
				164B4B5A2F8490A50093DB3B /* WidgetKit.framework */,
				164B4B5C2F8490A50093DB3B /* SwiftUI.framework */,
			);
			name = Frameworks;
			sourceTree = "<group>";
		};
/* End PBXGroup section */

/* Begin PBXNativeTarget section */
		162A9E522F847D0100AE8BF6 /* Solver2048 */ = {
			isa = PBXNativeTarget;
			buildConfigurationList = 162A9E602F847D0300AE8BF6 /* Build configuration list for PBXNativeTarget "Solver2048" */;
			buildPhases = (
				162A9E4F2F847D0100AE8BF6 /* Sources */,
				162A9E502F847D0100AE8BF6 /* Frameworks */,
				162A9E512F847D0100AE8BF6 /* Resources */,
				162A9E822F84813800AE8BF6 /* Embed Foundation Extensions */,
			);
			buildRules = (
			);
			dependencies = (
				162A9E7C2F84813800AE8BF6 /* PBXTargetDependency */,
				164B4B6B2F8490A70093DB3B /* PBXTargetDependency */,
			);
			fileSystemSynchronizedGroups = (
				162A9E552F847D0100AE8BF6 /* Solver2048 */,
			);
			name = Solver2048;
			packageProductDependencies = (
			);
			productName = Solver2048;
			productReference = 162A9E532F847D0100AE8BF6 /* Solver2048.app */;
			productType = "com.apple.product-type.application";
		};
		162A9E722F84813700AE8BF6 /* SolverBroadcast */ = {
			isa = PBXNativeTarget;
			buildConfigurationList = 162A9E7F2F84813800AE8BF6 /* Build configuration list for PBXNativeTarget "SolverBroadcast" */;
			buildPhases = (
				162A9E6F2F84813700AE8BF6 /* Sources */,
				162A9E702F84813700AE8BF6 /* Frameworks */,
				162A9E712F84813700AE8BF6 /* Resources */,
			);
			buildRules = (
			);
			dependencies = (
			);
			fileSystemSynchronizedGroups = (
				162A9E772F84813800AE8BF6 /* SolverBroadcast */,
			);
			name = SolverBroadcast;
			packageProductDependencies = (
			);
			productName = SolverBroadcast;
			productReference = 162A9E732F84813700AE8BF6 /* SolverBroadcast.appex */;
			productType = "com.apple.product-type.app-extension";
		};
		164B4B582F8490A50093DB3B /* SolverWidgetExtension */ = {
			isa = PBXNativeTarget;
			buildConfigurationList = 164B4B6D2F8490A70093DB3B /* Build configuration list for PBXNativeTarget "SolverWidgetExtension" */;
			buildPhases = (
				164B4B552F8490A50093DB3B /* Sources */,
				164B4B562F8490A50093DB3B /* Frameworks */,
				164B4B572F8490A50093DB3B /* Resources */,
			);
			buildRules = (
			);
			dependencies = (
			);
			fileSystemSynchronizedGroups = (
				164B4B5E2F8490A50093DB3B /* SolverWidget */,
			);
			name = SolverWidgetExtension;
			packageProductDependencies = (
			);
			productName = SolverWidgetExtension;
			productReference = 164B4B592F8490A50093DB3B /* SolverWidgetExtension.appex */;
			productType = "com.apple.product-type.app-extension";
		};
/* End PBXNativeTarget section */

/* Begin PBXProject section */
		162A9E4B2F847D0100AE8BF6 /* Project object */ = {
			isa = PBXProject;
			attributes = {
				BuildIndependentTargetsInParallel = 1;
				LastSwiftUpdateCheck = 2640;
				LastUpgradeCheck = 2640;
				TargetAttributes = {
					162A9E522F847D0100AE8BF6 = {
						CreatedOnToolsVersion = 26.4;
					};
					162A9E722F84813700AE8BF6 = {
						CreatedOnToolsVersion = 26.4;
					};
					164B4B582F8490A50093DB3B = {
						CreatedOnToolsVersion = 26.4;
					};
				};
			};
			buildConfigurationList = 162A9E4E2F847D0100AE8BF6 /* Build configuration list for PBXProject "Solver2048" */;
			developmentRegion = en;
			hasScannedForEncodings = 0;
			knownRegions = (
				en,
				Base,
			);
			mainGroup = 162A9E4A2F847D0100AE8BF6;
			minimizedProjectReferenceProxies = 1;
			preferredProjectObjectVersion = 77;
			productRefGroup = 162A9E542F847D0100AE8BF6 /* Products */;
			projectDirPath = "";
			projectRoot = "";
			targets = (
				162A9E522F847D0100AE8BF6 /* Solver2048 */,
				162A9E722F84813700AE8BF6 /* SolverBroadcast */,
				164B4B582F8490A50093DB3B /* SolverWidgetExtension */,
			);
		};
/* End PBXProject section */

/* Begin PBXResourcesBuildPhase section */
		162A9E512F847D0100AE8BF6 /* Resources */ = {
			isa = PBXResourcesBuildPhase;
			buildActionMask = 2147483647;
			files = (
			);
			runOnlyForDeploymentPostprocessing = 0;
		};
		162A9E712F84813700AE8BF6 /* Resources */ = {
			isa = PBXResourcesBuildPhase;
			buildActionMask = 2147483647;
			files = (
			);
			runOnlyForDeploymentPostprocessing = 0;
		};
		164B4B572F8490A50093DB3B /* Resources */ = {
			isa = PBXResourcesBuildPhase;
			buildActionMask = 2147483647;
			files = (
			);
			runOnlyForDeploymentPostprocessing = 0;
		};
/* End PBXResourcesBuildPhase section */

/* Begin PBXSourcesBuildPhase section */
		162A9E4F2F847D0100AE8BF6 /* Sources */ = {
			isa = PBXSourcesBuildPhase;
			buildActionMask = 2147483647;
			files = (
			);
			runOnlyForDeploymentPostprocessing = 0;
		};
		162A9E6F2F84813700AE8BF6 /* Sources */ = {
			isa = PBXSourcesBuildPhase;
			buildActionMask = 2147483647;
			files = (
			);
			runOnlyForDeploymentPostprocessing = 0;
		};
		164B4B552F8490A50093DB3B /* Sources */ = {
			isa = PBXSourcesBuildPhase;
			buildActionMask = 2147483647;
			files = (
			);
			runOnlyForDeploymentPostprocessing = 0;
		};
/* End PBXSourcesBuildPhase section */

/* Begin PBXTargetDependency section */
		162A9E7C2F84813800AE8BF6 /* PBXTargetDependency */ = {
			isa = PBXTargetDependency;
			target = 162A9E722F84813700AE8BF6 /* SolverBroadcast */;
			targetProxy = 162A9E7B2F84813800AE8BF6 /* PBXContainerItemProxy */;
		};
		164B4B6B2F8490A70093DB3B /* PBXTargetDependency */ = {
			isa = PBXTargetDependency;
			target = 164B4B582F8490A50093DB3B /* SolverWidgetExtension */;
			targetProxy = 164B4B6A2F8490A70093DB3B /* PBXContainerItemProxy */;
		};
/* End PBXTargetDependency section */

/* Begin XCBuildConfiguration section */
		162A9E5E2F847D0300AE8BF6 /* Debug */ = {
			isa = XCBuildConfiguration;
			buildSettings = {
				ALWAYS_SEARCH_USER_PATHS = NO;
				ASSETCATALOG_COMPILER_GENERATE_SWIFT_ASSET_SYMBOL_EXTENSIONS = YES;
				CLANG_ANALYZER_NONNULL = YES;
				CLANG_ANALYZER_NUMBER_OBJECT_CONVERSION = YES_AGGRESSIVE;
				CLANG_CXX_LANGUAGE_STANDARD = "gnu++20";
				CLANG_ENABLE_MODULES = YES;
				CLANG_ENABLE_OBJC_ARC = YES;
				CLANG_ENABLE_OBJC_WEAK = YES;
				CLANG_WARN_BLOCK_CAPTURE_AUTORELEASING = YES;
				CLANG_WARN_BOOL_CONVERSION = YES;
				CLANG_WARN_COMMA = YES;
				CLANG_WARN_CONSTANT_CONVERSION = YES;
				CLANG_WARN_DEPRECATED_OBJC_IMPLEMENTATIONS = YES;
				CLANG_WARN_DIRECT_OBJC_ISA_USAGE = YES_ERROR;
				CLANG_WARN_DOCUMENTATION_COMMENTS = YES;
				CLANG_WARN_EMPTY_BODY = YES;
				CLANG_WARN_ENUM_CONVERSION = YES;
				CLANG_WARN_INFINITE_RECURSION = YES;
				CLANG_WARN_INT_CONVERSION = YES;
				CLANG_WARN_NON_LITERAL_NULL_CONVERSION = YES;
				CLANG_WARN_OBJC_IMPLICIT_RETAIN_SELF = YES;
				CLANG_WARN_OBJC_LITERAL_CONVERSION = YES;
				CLANG_WARN_OBJC_ROOT_CLASS = YES_ERROR;
				CLANG_WARN_QUOTED_INCLUDE_IN_FRAMEWORK_HEADER = YES;
				CLANG_WARN_RANGE_LOOP_ANALYSIS = YES;
				CLANG_WARN_STRICT_PROTOTYPES = YES;
				CLANG_WARN_SUSPICIOUS_MOVE = YES;
				CLANG_WARN_UNGUARDED_AVAILABILITY = YES_AGGRESSIVE;
				CLANG_WARN_UNREACHABLE_CODE = YES;
				CLANG_WARN__DUPLICATE_METHOD_MATCH = YES;
				COPY_PHASE_STRIP = NO;
				DEBUG_INFORMATION_FORMAT = dwarf;
				DEVELOPMENT_TEAM = DL6N525G5K;
				ENABLE_STRICT_OBJC_MSGSEND = YES;
				ENABLE_TESTABILITY = YES;
				ENABLE_USER_SCRIPT_SANDBOXING = YES;
				GCC_C_LANGUAGE_STANDARD = gnu17;
				GCC_DYNAMIC_NO_PIC = NO;
				GCC_NO_COMMON_BLOCKS = YES;
				GCC_OPTIMIZATION_LEVEL = 0;
				GCC_PREPROCESSOR_DEFINITIONS = (
					"DEBUG=1",
					"$(inherited)",
				);
				GCC_WARN_64_TO_32_BIT_CONVERSION = YES;
				GCC_WARN_ABOUT_RETURN_TYPE = YES_ERROR;
				GCC_WARN_UNDECLARED_SELECTOR = YES;
				GCC_WARN_UNINITIALIZED_AUTOS = YES_AGGRESSIVE;
				GCC_WARN_UNUSED_FUNCTION = YES;
				GCC_WARN_UNUSED_VARIABLE = YES;
				IPHONEOS_DEPLOYMENT_TARGET = 26.4;
				LOCALIZATION_PREFERS_STRING_CATALOGS = YES;
				MTL_ENABLE_DEBUG_INFO = INCLUDE_SOURCE;
				MTL_FAST_MATH = YES;
				ONLY_ACTIVE_ARCH = YES;
				SDKROOT = iphoneos;
				SWIFT_ACTIVE_COMPILATION_CONDITIONS = "DEBUG $(inherited)";
				SWIFT_OPTIMIZATION_LEVEL = "-Onone";
			};
			name = Debug;
		};
		162A9E5F2F847D0300AE8BF6 /* Release */ = {
			isa = XCBuildConfiguration;
			buildSettings = {
				ALWAYS_SEARCH_USER_PATHS = NO;
				ASSETCATALOG_COMPILER_GENERATE_SWIFT_ASSET_SYMBOL_EXTENSIONS = YES;
				CLANG_ANALYZER_NONNULL = YES;
				CLANG_ANALYZER_NUMBER_OBJECT_CONVERSION = YES_AGGRESSIVE;
				CLANG_CXX_LANGUAGE_STANDARD = "gnu++20";
				CLANG_ENABLE_MODULES = YES;
				CLANG_ENABLE_OBJC_ARC = YES;
				CLANG_ENABLE_OBJC_WEAK = YES;
				CLANG_WARN_BLOCK_CAPTURE_AUTORELEASING = YES;
				CLANG_WARN_BOOL_CONVERSION = YES;
				CLANG_WARN_COMMA = YES;
				CLANG_WARN_CONSTANT_CONVERSION = YES;
				CLANG_WARN_DEPRECATED_OBJC_IMPLEMENTATIONS = YES;
				CLANG_WARN_DIRECT_OBJC_ISA_USAGE = YES_ERROR;
				CLANG_WARN_DOCUMENTATION_COMMENTS = YES;
				CLANG_WARN_EMPTY_BODY = YES;
				CLANG_WARN_ENUM_CONVERSION = YES;
				CLANG_WARN_INFINITE_RECURSION = YES;
				CLANG_WARN_INT_CONVERSION = YES;
				CLANG_WARN_NON_LITERAL_NULL_CONVERSION = YES;
				CLANG_WARN_OBJC_IMPLICIT_RETAIN_SELF = YES;
				CLANG_WARN_OBJC_LITERAL_CONVERSION = YES;
				CLANG_WARN_OBJC_ROOT_CLASS = YES_ERROR;
				CLANG_WARN_QUOTED_INCLUDE_IN_FRAMEWORK_HEADER = YES;
				CLANG_WARN_RANGE_LOOP_ANALYSIS = YES;
				CLANG_WARN_STRICT_PROTOTYPES = YES;
				CLANG_WARN_SUSPICIOUS_MOVE = YES;
				CLANG_WARN_UNGUARDED_AVAILABILITY = YES_AGGRESSIVE;
				CLANG_WARN_UNREACHABLE_CODE = YES;
				CLANG_WARN__DUPLICATE_METHOD_MATCH = YES;
				COPY_PHASE_STRIP = NO;
				DEBUG_INFORMATION_FORMAT = "dwarf-with-dsym";
				DEVELOPMENT_TEAM = DL6N525G5K;
				ENABLE_NS_ASSERTIONS = NO;
				ENABLE_STRICT_OBJC_MSGSEND = YES;
				ENABLE_USER_SCRIPT_SANDBOXING = YES;
				GCC_C_LANGUAGE_STANDARD = gnu17;
				GCC_NO_COMMON_BLOCKS = YES;
				GCC_WARN_64_TO_32_BIT_CONVERSION = YES;
				GCC_WARN_ABOUT_RETURN_TYPE = YES_ERROR;
				GCC_WARN_UNDECLARED_SELECTOR = YES;
				GCC_WARN_UNINITIALIZED_AUTOS = YES_AGGRESSIVE;
				GCC_WARN_UNUSED_FUNCTION = YES;
				GCC_WARN_UNUSED_VARIABLE = YES;
				IPHONEOS_DEPLOYMENT_TARGET = 26.4;
				LOCALIZATION_PREFERS_STRING_CATALOGS = YES;
				MTL_ENABLE_DEBUG_INFO = NO;
				MTL_FAST_MATH = YES;
				SDKROOT = iphoneos;
				SWIFT_COMPILATION_MODE = wholemodule;
				VALIDATE_PRODUCT = YES;
			};
			name = Release;
		};
		162A9E612F847D0300AE8BF6 /* Debug */ = {
			isa = XCBuildConfiguration;
			buildSettings = {
				ASSETCATALOG_COMPILER_APPICON_NAME = AppIcon;
				ASSETCATALOG_COMPILER_GLOBAL_ACCENT_COLOR_NAME = AccentColor;
				CODE_SIGN_ENTITLEMENTS = Solver2048/Solver2048.entitlements;
				CODE_SIGN_STYLE = Automatic;
				CURRENT_PROJECT_VERSION = 1;
				DEVELOPMENT_TEAM = DL6N525G5K;
				ENABLE_PREVIEWS = YES;
				GENERATE_INFOPLIST_FILE = YES;
				INFOPLIST_FILE = Solver2048/Info.plist;
				INFOPLIST_KEY_UIApplicationSceneManifest_Generation = YES;
				INFOPLIST_KEY_UIApplicationSupportsIndirectInputEvents = YES;
				INFOPLIST_KEY_UILaunchScreen_Generation = YES;
				INFOPLIST_KEY_UISupportedInterfaceOrientations_iPad = "UIInterfaceOrientationPortrait UIInterfaceOrientationPortraitUpsideDown UIInterfaceOrientationLandscapeLeft UIInterfaceOrientationLandscapeRight";
				INFOPLIST_KEY_UISupportedInterfaceOrientations_iPhone = "UIInterfaceOrientationPortrait UIInterfaceOrientationLandscapeLeft UIInterfaceOrientationLandscapeRight";
				LD_RUNPATH_SEARCH_PATHS = (
					"$(inherited)",
					"@executable_path/Frameworks",
				);
				MARKETING_VERSION = 1.0;
				PRODUCT_BUNDLE_IDENTIFIER = com.greenSphereStudios.Solver2048;
				PRODUCT_NAME = "$(TARGET_NAME)";
				STRING_CATALOG_GENERATE_SYMBOLS = YES;
				SWIFT_APPROACHABLE_CONCURRENCY = YES;
				SWIFT_DEFAULT_ACTOR_ISOLATION = MainActor;
				SWIFT_EMIT_LOC_STRINGS = YES;
				SWIFT_UPCOMING_FEATURE_MEMBER_IMPORT_VISIBILITY = YES;
				SWIFT_VERSION = 5.0;
				TARGETED_DEVICE_FAMILY = "1,2";
			};
			name = Debug;
		};
		162A9E622F847D0300AE8BF6 /* Release */ = {
			isa = XCBuildConfiguration;
			buildSettings = {
				ASSETCATALOG_COMPILER_APPICON_NAME = AppIcon;
				ASSETCATALOG_COMPILER_GLOBAL_ACCENT_COLOR_NAME = AccentColor;
				CODE_SIGN_ENTITLEMENTS = Solver2048/Solver2048.entitlements;
				CODE_SIGN_STYLE = Automatic;
				CURRENT_PROJECT_VERSION = 1;
				DEVELOPMENT_TEAM = DL6N525G5K;
				ENABLE_PREVIEWS = YES;
				GENERATE_INFOPLIST_FILE = YES;
				INFOPLIST_FILE = Solver2048/Info.plist;
				INFOPLIST_KEY_UIApplicationSceneManifest_Generation = YES;
				INFOPLIST_KEY_UIApplicationSupportsIndirectInputEvents = YES;
				INFOPLIST_KEY_UILaunchScreen_Generation = YES;
				INFOPLIST_KEY_UISupportedInterfaceOrientations_iPad = "UIInterfaceOrientationPortrait UIInterfaceOrientationPortraitUpsideDown UIInterfaceOrientationLandscapeLeft UIInterfaceOrientationLandscapeRight";
				INFOPLIST_KEY_UISupportedInterfaceOrientations_iPhone = "UIInterfaceOrientationPortrait UIInterfaceOrientationLandscapeLeft UIInterfaceOrientationLandscapeRight";
				LD_RUNPATH_SEARCH_PATHS = (
					"$(inherited)",
					"@executable_path/Frameworks",
				);
				MARKETING_VERSION = 1.0;
				PRODUCT_BUNDLE_IDENTIFIER = com.greenSphereStudios.Solver2048;
				PRODUCT_NAME = "$(TARGET_NAME)";
				STRING_CATALOG_GENERATE_SYMBOLS = YES;
				SWIFT_APPROACHABLE_CONCURRENCY = YES;
				SWIFT_DEFAULT_ACTOR_ISOLATION = MainActor;
				SWIFT_EMIT_LOC_STRINGS = YES;
				SWIFT_UPCOMING_FEATURE_MEMBER_IMPORT_VISIBILITY = YES;
				SWIFT_VERSION = 5.0;
				TARGETED_DEVICE_FAMILY = "1,2";
			};
			name = Release;
		};
		162A9E802F84813800AE8BF6 /* Debug */ = {
			isa = XCBuildConfiguration;
			buildSettings = {
				CODE_SIGN_ENTITLEMENTS = SolverBroadcast/SolverBroadcast.entitlements;
				CODE_SIGN_STYLE = Automatic;
				CURRENT_PROJECT_VERSION = 1;
				DEVELOPMENT_TEAM = DL6N525G5K;
				GENERATE_INFOPLIST_FILE = YES;
				INFOPLIST_FILE = SolverBroadcast/Info.plist;
				INFOPLIST_KEY_CFBundleDisplayName = SolverBroadcast;
				INFOPLIST_KEY_NSHumanReadableCopyright = "";
				LD_RUNPATH_SEARCH_PATHS = (
					"$(inherited)",
					"@executable_path/Frameworks",
					"@executable_path/../../Frameworks",
				);
				MARKETING_VERSION = 1.0;
				PRODUCT_BUNDLE_IDENTIFIER = com.greenSphereStudios.Solver2048.SolverBroadcast;
				PRODUCT_NAME = "$(TARGET_NAME)";
				SKIP_INSTALL = YES;
				STRING_CATALOG_GENERATE_SYMBOLS = YES;
				SWIFT_APPROACHABLE_CONCURRENCY = YES;
				SWIFT_EMIT_LOC_STRINGS = YES;
				SWIFT_UPCOMING_FEATURE_MEMBER_IMPORT_VISIBILITY = YES;
				SWIFT_VERSION = 5.0;
				TARGETED_DEVICE_FAMILY = "1,2";
			};
			name = Debug;
		};
		162A9E812F84813800AE8BF6 /* Release */ = {
			isa = XCBuildConfiguration;
			buildSettings = {
				CODE_SIGN_ENTITLEMENTS = SolverBroadcast/SolverBroadcast.entitlements;
				CODE_SIGN_STYLE = Automatic;
				CURRENT_PROJECT_VERSION = 1;
				DEVELOPMENT_TEAM = DL6N525G5K;
				GENERATE_INFOPLIST_FILE = YES;
				INFOPLIST_FILE = SolverBroadcast/Info.plist;
				INFOPLIST_KEY_CFBundleDisplayName = SolverBroadcast;
				INFOPLIST_KEY_NSHumanReadableCopyright = "";
				LD_RUNPATH_SEARCH_PATHS = (
					"$(inherited)",
					"@executable_path/Frameworks",
					"@executable_path/../../Frameworks",
				);
				MARKETING_VERSION = 1.0;
				PRODUCT_BUNDLE_IDENTIFIER = com.greenSphereStudios.Solver2048.SolverBroadcast;
				PRODUCT_NAME = "$(TARGET_NAME)";
				SKIP_INSTALL = YES;
				STRING_CATALOG_GENERATE_SYMBOLS = YES;
				SWIFT_APPROACHABLE_CONCURRENCY = YES;
				SWIFT_EMIT_LOC_STRINGS = YES;
				SWIFT_UPCOMING_FEATURE_MEMBER_IMPORT_VISIBILITY = YES;
				SWIFT_VERSION = 5.0;
				TARGETED_DEVICE_FAMILY = "1,2";
			};
			name = Release;
		};
		164B4B6E2F8490A70093DB3B /* Debug */ = {
			isa = XCBuildConfiguration;
			buildSettings = {
				ASSETCATALOG_COMPILER_GLOBAL_ACCENT_COLOR_NAME = AccentColor;
				ASSETCATALOG_COMPILER_WIDGET_BACKGROUND_COLOR_NAME = WidgetBackground;
				CODE_SIGN_STYLE = Automatic;
				CURRENT_PROJECT_VERSION = 1;
				DEVELOPMENT_TEAM = DL6N525G5K;
				GENERATE_INFOPLIST_FILE = YES;
				INFOPLIST_FILE = SolverWidget/Info.plist;
				INFOPLIST_KEY_CFBundleDisplayName = SolverWidget;
				INFOPLIST_KEY_NSHumanReadableCopyright = "";
				LD_RUNPATH_SEARCH_PATHS = (
					"$(inherited)",
					"@executable_path/Frameworks",
					"@executable_path/../../Frameworks",
				);
				MARKETING_VERSION = 1.0;
				PRODUCT_BUNDLE_IDENTIFIER = com.greenSphereStudios.Solver2048.SolverWidget;
				PRODUCT_NAME = "$(TARGET_NAME)";
				SKIP_INSTALL = YES;
				STRING_CATALOG_GENERATE_SYMBOLS = YES;
				SWIFT_APPROACHABLE_CONCURRENCY = YES;
				SWIFT_EMIT_LOC_STRINGS = YES;
				SWIFT_UPCOMING_FEATURE_MEMBER_IMPORT_VISIBILITY = YES;
				SWIFT_VERSION = 5.0;
				TARGETED_DEVICE_FAMILY = "1,2";
			};
			name = Debug;
		};
		164B4B6F2F8490A70093DB3B /* Release */ = {
			isa = XCBuildConfiguration;
			buildSettings = {
				ASSETCATALOG_COMPILER_GLOBAL_ACCENT_COLOR_NAME = AccentColor;
				ASSETCATALOG_COMPILER_WIDGET_BACKGROUND_COLOR_NAME = WidgetBackground;
				CODE_SIGN_STYLE = Automatic;
				CURRENT_PROJECT_VERSION = 1;
				DEVELOPMENT_TEAM = DL6N525G5K;
				GENERATE_INFOPLIST_FILE = YES;
				INFOPLIST_FILE = SolverWidget/Info.plist;
				INFOPLIST_KEY_CFBundleDisplayName = SolverWidget;
				INFOPLIST_KEY_NSHumanReadableCopyright = "";
				LD_RUNPATH_SEARCH_PATHS = (
					"$(inherited)",
					"@executable_path/Frameworks",
					"@executable_path/../../Frameworks",
				);
				MARKETING_VERSION = 1.0;
				PRODUCT_BUNDLE_IDENTIFIER = com.greenSphereStudios.Solver2048.SolverWidget;
				PRODUCT_NAME = "$(TARGET_NAME)";
				SKIP_INSTALL = YES;
				STRING_CATALOG_GENERATE_SYMBOLS = YES;
				SWIFT_APPROACHABLE_CONCURRENCY = YES;
				SWIFT_EMIT_LOC_STRINGS = YES;
				SWIFT_UPCOMING_FEATURE_MEMBER_IMPORT_VISIBILITY = YES;
				SWIFT_VERSION = 5.0;
				TARGETED_DEVICE_FAMILY = "1,2";
			};
			name = Release;
		};
/* End XCBuildConfiguration section */

/* Begin XCConfigurationList section */
		162A9E4E2F847D0100AE8BF6 /* Build configuration list for PBXProject "Solver2048" */ = {
			isa = XCConfigurationList;
			buildConfigurations = (
				162A9E5E2F847D0300AE8BF6 /* Debug */,
				162A9E5F2F847D0300AE8BF6 /* Release */,
			);
			defaultConfigurationIsVisible = 0;
			defaultConfigurationName = Release;
		};
		162A9E602F847D0300AE8BF6 /* Build configuration list for PBXNativeTarget "Solver2048" */ = {
			isa = XCConfigurationList;
			buildConfigurations = (
				162A9E612F847D0300AE8BF6 /* Debug */,
				162A9E622F847D0300AE8BF6 /* Release */,
			);
			defaultConfigurationIsVisible = 0;
			defaultConfigurationName = Release;
		};
		162A9E7F2F84813800AE8BF6 /* Build configuration list for PBXNativeTarget "SolverBroadcast" */ = {
			isa = XCConfigurationList;
			buildConfigurations = (
				162A9E802F84813800AE8BF6 /* Debug */,
				162A9E812F84813800AE8BF6 /* Release */,
			);
			defaultConfigurationIsVisible = 0;
			defaultConfigurationName = Release;
		};
		164B4B6D2F8490A70093DB3B /* Build configuration list for PBXNativeTarget "SolverWidgetExtension" */ = {
			isa = XCConfigurationList;
			buildConfigurations = (
				164B4B6E2F8490A70093DB3B /* Debug */,
				164B4B6F2F8490A70093DB3B /* Release */,
			);
			defaultConfigurationIsVisible = 0;
			defaultConfigurationName = Release;
		};
/* End XCConfigurationList section */
	};
	rootObject = 162A9E4B2F847D0100AE8BF6 /* Project object */;
}
